// !$*UTF8*$!
{
	archiveVersion = 1;
	classes = {
	};
	objectVersion = 54;
	objects = {
		/* Begin PBXBuildFile section */
		/* End PBXBuildFile section */

		/* Begin PBXFileReference section */
		/* End PBXFileReference section */

		/* Begin PBXGroup section */
		/* End PBXGroup section */

		/* Begin PBXNativeTarget section */
		/* End PBXNativeTarget section */

		/* Begin PBXProject section */
		/* End PBXProject section */
	};
	rootObject = "";
}
